// !$*UTF8*$!
{
	archiveVersion = 1;
	classes = {
	};
	objectVersion = 52;
	objects = {

/* Begin PBXBuildFile section */
		15663294A359AFDA24A7ADD8 /* Pods_CarbonFootprintTrackingTests.framework in Frameworks */ = {isa = PBXBuildFile; fileRef = B32902ACDCF550E1C21A64C7 /* Pods_CarbonFootprintTrackingTests.framework */; };
		53B9D00E741D9F131763CD46 /* Pods_CarbonFootprintTracking.framework in Frameworks */ = {isa = PBXBuildFile; fileRef = 11ED82C3C132E866AE2B742B /* Pods_CarbonFootprintTracking.framework */; };
		560A1B9026287009001FF3F4 /* .gitignore in Resources */ = {isa = PBXBuildFile; fileRef = 560A1B8F26287009001FF3F4 /* .gitignore */; };
		56709F81262F0A8000B08AB7 /* MOPRIMTmdSdk.xcframework in Frameworks */ = {isa = PBXBuildFile; fileRef = 56709F80262F0A8000B08AB7 /* MOPRIMTmdSdk.xcframework */; };
		56709F82262F0A8000B08AB7 /* MOPRIMTmdSdk.xcframework in Embed Frameworks */ = {isa = PBXBuildFile; fileRef = 56709F80262F0A8000B08AB7 /* MOPRIMTmdSdk.xcframework */; settings = {ATTRIBUTES = (CodeSignOnCopy, RemoveHeadersOnCopy, ); }; };
		56709F84262F0A8E00B08AB7 /* AWSAPIGateway.xcframework in Frameworks */ = {isa = PBXBuildFile; fileRef = 56709F83262F0A8E00B08AB7 /* AWSAPIGateway.xcframework */; };
		56709F85262F0A8E00B08AB7 /* AWSAPIGateway.xcframework in Embed Frameworks */ = {isa = PBXBuildFile; fileRef = 56709F83262F0A8E00B08AB7 /* AWSAPIGateway.xcframework */; settings = {ATTRIBUTES = (CodeSignOnCopy, RemoveHeadersOnCopy, ); }; };
		56709F87262F0AD000B08AB7 /* AWSAuthCore.xcframework in Frameworks */ = {isa = PBXBuildFile; fileRef = 56709F86262F0AD000B08AB7 /* AWSAuthCore.xcframework */; };
		56709F88262F0AD000B08AB7 /* AWSAuthCore.xcframework in Embed Frameworks */ = {isa = PBXBuildFile; fileRef = 56709F86262F0AD000B08AB7 /* AWSAuthCore.xcframework */; settings = {ATTRIBUTES = (CodeSignOnCopy, RemoveHeadersOnCopy, ); }; };
		56709F8B262F0AF600B08AB7 /* AWSCognitoIdentityProvider.xcframework in Frameworks */ = {isa = PBXBuildFile; fileRef = 56709F89262F0AF500B08AB7 /* AWSCognitoIdentityProvider.xcframework */; };
		56709F8C262F0AF600B08AB7 /* AWSCognitoIdentityProvider.xcframework in Embed Frameworks */ = {isa = PBXBuildFile; fileRef = 56709F89262F0AF500B08AB7 /* AWSCognitoIdentityProvider.xcframework */; settings = {ATTRIBUTES = (CodeSignOnCopy, RemoveHeadersOnCopy, ); }; };
		56709F8D262F0AF600B08AB7 /* AWSCognitoIdentityProviderASF.xcframework in Frameworks */ = {isa = PBXBuildFile; fileRef = 56709F8A262F0AF500B08AB7 /* AWSCognitoIdentityProviderASF.xcframework */; };
		56709F8E262F0AF600B08AB7 /* AWSCognitoIdentityProviderASF.xcframework in Embed Frameworks */ = {isa = PBXBuildFile; fileRef = 56709F8A262F0AF500B08AB7 /* AWSCognitoIdentityProviderASF.xcframework */; settings = {ATTRIBUTES = (CodeSignOnCopy, RemoveHeadersOnCopy, ); }; };
		56709F90262F0B1000B08AB7 /* AWSCore.xcframework in Frameworks */ = {isa = PBXBuildFile; fileRef = 56709F8F262F0B1000B08AB7 /* AWSCore.xcframework */; };
		56709F91262F0B1000B08AB7 /* AWSCore.xcframework in Embed Frameworks */ = {isa = PBXBuildFile; fileRef = 56709F8F262F0B1000B08AB7 /* AWSCore.xcframework */; settings = {ATTRIBUTES = (CodeSignOnCopy, RemoveHeadersOnCopy, ); }; };
		56709F93262F0B2500B08AB7 /* AWSMobileClientXCF.xcframework in Frameworks */ = {isa = PBXBuildFile; fileRef = 56709F92262F0B2500B08AB7 /* AWSMobileClientXCF.xcframework */; };
		56709F94262F0B2600B08AB7 /* AWSMobileClientXCF.xcframework in Embed Frameworks */ = {isa = PBXBuildFile; fileRef = 56709F92262F0B2500B08AB7 /* AWSMobileClientXCF.xcframework */; settings = {ATTRIBUTES = (CodeSignOnCopy, RemoveHeadersOnCopy, ); }; };
		56709F96262F0B4100B08AB7 /* AWSS3.xcframework in Frameworks */ = {isa = PBXBuildFile; fileRef = 56709F95262F0B4100B08AB7 /* AWSS3.xcframework */; };
		56709F97262F0B4100B08AB7 /* AWSS3.xcframework in Embed Frameworks */ = {isa = PBXBuildFile; fileRef = 56709F95262F0B4100B08AB7 /* AWSS3.xcframework */; settings = {ATTRIBUTES = (CodeSignOnCopy, RemoveHeadersOnCopy, ); }; };
		56A11B9F26437063000DA650 /* MoprimStruct.swift in Sources */ = {isa = PBXBuildFile; fileRef = 56A11B9E26437062000DA650 /* MoprimStruct.swift */; };
		56C1BD252640D95D006CA59E /* DummyData.swift in Sources */ = {isa = PBXBuildFile; fileRef = 56C1BD242640D95D006CA59E /* DummyData.swift */; };
		56C1BD2F2640D9BD006CA59E /* MoprimViewController.swift in Sources */ = {isa = PBXBuildFile; fileRef = 56C1BD2E2640D9BD006CA59E /* MoprimViewController.swift */; };
		6A24FD11262EB7D1006655CC /* PieViewController.swift in Sources */ = {isa = PBXBuildFile; fileRef = 6A24FD10262EB7D1006655CC /* PieViewController.swift */; };
		6A24FD16262EB7F8006655CC /* MapViewController.swift in Sources */ = {isa = PBXBuildFile; fileRef = 6A24FD15262EB7F8006655CC /* MapViewController.swift */; };
		6A48044C2631595E00E47A28 /* StatisticsViewController.swift in Sources */ = {isa = PBXBuildFile; fileRef = 6A48044B2631595E00E47A28 /* StatisticsViewController.swift */; };
		6A48045B2631614200E47A28 /* VehicleStatistics.swift in Sources */ = {isa = PBXBuildFile; fileRef = 6A48045A2631614200E47A28 /* VehicleStatistics.swift */; };
		6A5DF21D2643DCAD0047BA34 /* Activity+CoreDataClass.swift in Sources */ = {isa = PBXBuildFile; fileRef = 6A5DF21B2643DCAD0047BA34 /* Activity+CoreDataClass.swift */; };
		6A5DF21E2643DCAD0047BA34 /* Activity+CoreDataProperties.swift in Sources */ = {isa = PBXBuildFile; fileRef = 6A5DF21C2643DCAD0047BA34 /* Activity+CoreDataProperties.swift */; };
		6A5F658E26381DD000C77294 /* MoprimAPI.swift in Sources */ = {isa = PBXBuildFile; fileRef = 6A5F658D26381DD000C77294 /* MoprimAPI.swift */; };
		6A7C3B1026316C6E008BE399 /* DataSetStatistics.swift in Sources */ = {isa = PBXBuildFile; fileRef = 6A7C3B0F26316C6E008BE399 /* DataSetStatistics.swift */; };
		6A998EC026272F7700B7376C /* AppDelegate.swift in Sources */ = {isa = PBXBuildFile; fileRef = 6A998EBF26272F7700B7376C /* AppDelegate.swift */; };
		6A998EC226272F7700B7376C /* SceneDelegate.swift in Sources */ = {isa = PBXBuildFile; fileRef = 6A998EC126272F7700B7376C /* SceneDelegate.swift */; };
		6A998EC726272F7700B7376C /* Main.storyboard in Resources */ = {isa = PBXBuildFile; fileRef = 6A998EC526272F7700B7376C /* Main.storyboard */; };
		6A998ECA26272F7700B7376C /* CarbonFootprintTracking.xcdatamodeld in Sources */ = {isa = PBXBuildFile; fileRef = 6A998EC826272F7700B7376C /* CarbonFootprintTracking.xcdatamodeld */; };
		6A998ECC26272F7900B7376C /* Assets.xcassets in Resources */ = {isa = PBXBuildFile; fileRef = 6A998ECB26272F7900B7376C /* Assets.xcassets */; };
		6A998ECF26272F7900B7376C /* LaunchScreen.storyboard in Resources */ = {isa = PBXBuildFile; fileRef = 6A998ECD26272F7900B7376C /* LaunchScreen.storyboard */; };
		6A998EDA26272F7900B7376C /* CarbonFootprintTrackingTests.swift in Sources */ = {isa = PBXBuildFile; fileRef = 6A998ED926272F7900B7376C /* CarbonFootprintTrackingTests.swift */; };
		6A998EE526272F7900B7376C /* CarbonFootprintTrackingUITests.swift in Sources */ = {isa = PBXBuildFile; fileRef = 6A998EE426272F7900B7376C /* CarbonFootprintTrackingUITests.swift */; };
		6ACE1262264409E200C59C66 /* Styles.swift in Sources */ = {isa = PBXBuildFile; fileRef = 6ACE1261264409E200C59C66 /* Styles.swift */; };
		6AD6703B264150C1003ADA89 /* VehicleViewController.swift in Sources */ = {isa = PBXBuildFile; fileRef = 6AD6703A264150C1003ADA89 /* VehicleViewController.swift */; };
		6AD670452642FAC0003ADA89 /* VehicleTableViewCell.swift in Sources */ = {isa = PBXBuildFile; fileRef = 6AD670442642FAC0003ADA89 /* VehicleTableViewCell.swift */; };
		950F104DC3911F2DFA30C341 /* Pods_CarbonFootprintTracking_CarbonFootprintTrackingUITests.framework in Frameworks */ = {isa = PBXBuildFile; fileRef = 9029295862FE40123C200B6B /* Pods_CarbonFootprintTracking_CarbonFootprintTrackingUITests.framework */; };
/* End PBXBuildFile section */

/* Begin PBXContainerItemProxy section */
		6A998ED626272F7900B7376C /* PBXContainerItemProxy */ = {
			isa = PBXContainerItemProxy;
			containerPortal = 6A998EB426272F7700B7376C /* Project object */;
			proxyType = 1;
			remoteGlobalIDString = 6A998EBB26272F7700B7376C;
			remoteInfo = CarbonFootprintTracking;
		};
		6A998EE126272F7900B7376C /* PBXContainerItemProxy */ = {
			isa = PBXContainerItemProxy;
			containerPortal = 6A998EB426272F7700B7376C /* Project object */;
			proxyType = 1;
			remoteGlobalIDString = 6A998EBB26272F7700B7376C;
			remoteInfo = CarbonFootprintTracking;
		};
/* End PBXContainerItemProxy section */

/* Begin PBXCopyFilesBuildPhase section */
		56709F68262EF5A100B08AB7 /* Embed Frameworks */ = {
			isa = PBXCopyFilesBuildPhase;
			buildActionMask = 2147483647;
			dstPath = "";
			dstSubfolderSpec = 10;
			files = (
				56709F94262F0B2600B08AB7 /* AWSMobileClientXCF.xcframework in Embed Frameworks */,
				56709F97262F0B4100B08AB7 /* AWSS3.xcframework in Embed Frameworks */,
				56709F8E262F0AF600B08AB7 /* AWSCognitoIdentityProviderASF.xcframework in Embed Frameworks */,
				56709F8C262F0AF600B08AB7 /* AWSCognitoIdentityProvider.xcframework in Embed Frameworks */,
				56709F91262F0B1000B08AB7 /* AWSCore.xcframework in Embed Frameworks */,
				56709F82262F0A8000B08AB7 /* MOPRIMTmdSdk.xcframework in Embed Frameworks */,
				56709F85262F0A8E00B08AB7 /* AWSAPIGateway.xcframework in Embed Frameworks */,
				56709F88262F0AD000B08AB7 /* AWSAuthCore.xcframework in Embed Frameworks */,
			);
			name = "Embed Frameworks";
			runOnlyForDeploymentPostprocessing = 0;
		};
/* End PBXCopyFilesBuildPhase section */

/* Begin PBXFileReference section */
		11ED82C3C132E866AE2B742B /* Pods_CarbonFootprintTracking.framework */ = {isa = PBXFileReference; explicitFileType = wrapper.framework; includeInIndex = 0; path = Pods_CarbonFootprintTracking.framework; sourceTree = BUILT_PRODUCTS_DIR; };
		3D8FFD03BC07E874CDFD6D5D /* Pods-CarbonFootprintTrackingTests.debug.xcconfig */ = {isa = PBXFileReference; includeInIndex = 1; lastKnownFileType = text.xcconfig; name = "Pods-CarbonFootprintTrackingTests.debug.xcconfig"; path = "Target Support Files/Pods-CarbonFootprintTrackingTests/Pods-CarbonFootprintTrackingTests.debug.xcconfig"; sourceTree = "<group>"; };
		5224F2880F1B10EA6986AE8A /* Pods-CarbonFootprintTracking-CarbonFootprintTrackingUITests.debug.xcconfig */ = {isa = PBXFileReference; includeInIndex = 1; lastKnownFileType = text.xcconfig; name = "Pods-CarbonFootprintTracking-CarbonFootprintTrackingUITests.debug.xcconfig"; path = "Target Support Files/Pods-CarbonFootprintTracking-CarbonFootprintTrackingUITests/Pods-CarbonFootprintTracking-CarbonFootprintTrackingUITests.debug.xcconfig"; sourceTree = "<group>"; };
		560A1B8F26287009001FF3F4 /* .gitignore */ = {isa = PBXFileReference; lastKnownFileType = text; path = .gitignore; sourceTree = "<group>"; };
		56709F80262F0A8000B08AB7 /* MOPRIMTmdSdk.xcframework */ = {isa = PBXFileReference; lastKnownFileType = wrapper.xcframework; name = MOPRIMTmdSdk.xcframework; path = Frameworks/MOPRIMTmdSdk.xcframework; sourceTree = "<group>"; };
		56709F83262F0A8E00B08AB7 /* AWSAPIGateway.xcframework */ = {isa = PBXFileReference; lastKnownFileType = wrapper.xcframework; name = AWSAPIGateway.xcframework; path = "Frameworks/aws-ios-sdk-2.22.1/frameworks/AWSAPIGateway.xcframework"; sourceTree = "<group>"; };
		56709F86262F0AD000B08AB7 /* AWSAuthCore.xcframework */ = {isa = PBXFileReference; lastKnownFileType = wrapper.xcframework; name = AWSAuthCore.xcframework; path = "Frameworks/aws-ios-sdk-2.22.1/frameworks/AWSAuthCore.xcframework"; sourceTree = "<group>"; };
		56709F89262F0AF500B08AB7 /* AWSCognitoIdentityProvider.xcframework */ = {isa = PBXFileReference; lastKnownFileType = wrapper.xcframework; name = AWSCognitoIdentityProvider.xcframework; path = "Frameworks/aws-ios-sdk-2.22.1/frameworks/AWSCognitoIdentityProvider.xcframework"; sourceTree = "<group>"; };
		56709F8A262F0AF500B08AB7 /* AWSCognitoIdentityProviderASF.xcframework */ = {isa = PBXFileReference; lastKnownFileType = wrapper.xcframework; name = AWSCognitoIdentityProviderASF.xcframework; path = "Frameworks/aws-ios-sdk-2.22.1/frameworks/AWSCognitoIdentityProviderASF.xcframework"; sourceTree = "<group>"; };
		56709F8F262F0B1000B08AB7 /* AWSCore.xcframework */ = {isa = PBXFileReference; lastKnownFileType = wrapper.xcframework; name = AWSCore.xcframework; path = "Frameworks/aws-ios-sdk-2.22.1/frameworks/AWSCore.xcframework"; sourceTree = "<group>"; };
		56709F92262F0B2500B08AB7 /* AWSMobileClientXCF.xcframework */ = {isa = PBXFileReference; lastKnownFileType = wrapper.xcframework; name = AWSMobileClientXCF.xcframework; path = "Frameworks/aws-ios-sdk-2.22.1/frameworks/AWSMobileClientXCF.xcframework"; sourceTree = "<group>"; };
		56709F95262F0B4100B08AB7 /* AWSS3.xcframework */ = {isa = PBXFileReference; lastKnownFileType = wrapper.xcframework; name = AWSS3.xcframework; path = "Frameworks/aws-ios-sdk-2.22.1/frameworks/AWSS3.xcframework"; sourceTree = "<group>"; };
		56A11B9E26437062000DA650 /* MoprimStruct.swift */ = {isa = PBXFileReference; fileEncoding = 4; lastKnownFileType = sourcecode.swift; path = MoprimStruct.swift; sourceTree = "<group>"; };
		56C1BD242640D95D006CA59E /* DummyData.swift */ = {isa = PBXFileReference; fileEncoding = 4; lastKnownFileType = sourcecode.swift; path = DummyData.swift; sourceTree = "<group>"; };
		56C1BD2E2640D9BD006CA59E /* MoprimViewController.swift */ = {isa = PBXFileReference; fileEncoding = 4; lastKnownFileType = sourcecode.swift; path = MoprimViewController.swift; sourceTree = "<group>"; };
		6A24FD10262EB7D1006655CC /* PieViewController.swift */ = {isa = PBXFileReference; lastKnownFileType = sourcecode.swift; path = PieViewController.swift; sourceTree = "<group>"; };
		6A24FD15262EB7F8006655CC /* MapViewController.swift */ = {isa = PBXFileReference; lastKnownFileType = sourcecode.swift; path = MapViewController.swift; sourceTree = "<group>"; };
		6A48044B2631595E00E47A28 /* StatisticsViewController.swift */ = {isa = PBXFileReference; lastKnownFileType = sourcecode.swift; path = StatisticsViewController.swift; sourceTree = "<group>"; };
		6A48045A2631614200E47A28 /* VehicleStatistics.swift */ = {isa = PBXFileReference; lastKnownFileType = sourcecode.swift; path = VehicleStatistics.swift; sourceTree = "<group>"; };
		6A5DF21B2643DCAD0047BA34 /* Activity+CoreDataClass.swift */ = {isa = PBXFileReference; lastKnownFileType = sourcecode.swift; path = "Activity+CoreDataClass.swift"; sourceTree = "<group>"; };
		6A5DF21C2643DCAD0047BA34 /* Activity+CoreDataProperties.swift */ = {isa = PBXFileReference; lastKnownFileType = sourcecode.swift; path = "Activity+CoreDataProperties.swift"; sourceTree = "<group>"; };
		6A5F658D26381DD000C77294 /* MoprimAPI.swift */ = {isa = PBXFileReference; lastKnownFileType = sourcecode.swift; path = MoprimAPI.swift; sourceTree = "<group>"; };
		6A7C3B0F26316C6E008BE399 /* DataSetStatistics.swift */ = {isa = PBXFileReference; lastKnownFileType = sourcecode.swift; path = DataSetStatistics.swift; sourceTree = "<group>"; };
		6A998EBC26272F7700B7376C /* CarbonFootprintTracking.app */ = {isa = PBXFileReference; explicitFileType = wrapper.application; includeInIndex = 0; path = CarbonFootprintTracking.app; sourceTree = BUILT_PRODUCTS_DIR; };
		6A998EBF26272F7700B7376C /* AppDelegate.swift */ = {isa = PBXFileReference; lastKnownFileType = sourcecode.swift; path = AppDelegate.swift; sourceTree = "<group>"; };
		6A998EC126272F7700B7376C /* SceneDelegate.swift */ = {isa = PBXFileReference; lastKnownFileType = sourcecode.swift; path = SceneDelegate.swift; sourceTree = "<group>"; };
		6A998EC626272F7700B7376C /* Base */ = {isa = PBXFileReference; lastKnownFileType = file.storyboard; name = Base; path = Base.lproj/Main.storyboard; sourceTree = "<group>"; };
		6A998EC926272F7700B7376C /* CarbonFootprintTracking.xcdatamodel */ = {isa = PBXFileReference; lastKnownFileType = wrapper.xcdatamodel; path = CarbonFootprintTracking.xcdatamodel; sourceTree = "<group>"; };
		6A998ECB26272F7900B7376C /* Assets.xcassets */ = {isa = PBXFileReference; lastKnownFileType = folder.assetcatalog; path = Assets.xcassets; sourceTree = "<group>"; };
		6A998ECE26272F7900B7376C /* Base */ = {isa = PBXFileReference; lastKnownFileType = file.storyboard; name = Base; path = Base.lproj/LaunchScreen.storyboard; sourceTree = "<group>"; };
		6A998ED026272F7900B7376C /* Info.plist */ = {isa = PBXFileReference; lastKnownFileType = text.plist.xml; path = Info.plist; sourceTree = "<group>"; };
		6A998ED526272F7900B7376C /* CarbonFootprintTrackingTests.xctest */ = {isa = PBXFileReference; explicitFileType = wrapper.cfbundle; includeInIndex = 0; path = CarbonFootprintTrackingTests.xctest; sourceTree = BUILT_PRODUCTS_DIR; };
		6A998ED926272F7900B7376C /* CarbonFootprintTrackingTests.swift */ = {isa = PBXFileReference; lastKnownFileType = sourcecode.swift; path = CarbonFootprintTrackingTests.swift; sourceTree = "<group>"; };
		6A998EDB26272F7900B7376C /* Info.plist */ = {isa = PBXFileReference; lastKnownFileType = text.plist.xml; path = Info.plist; sourceTree = "<group>"; };
		6A998EE026272F7900B7376C /* CarbonFootprintTrackingUITests.xctest */ = {isa = PBXFileReference; explicitFileType = wrapper.cfbundle; includeInIndex = 0; path = CarbonFootprintTrackingUITests.xctest; sourceTree = BUILT_PRODUCTS_DIR; };
		6A998EE426272F7900B7376C /* CarbonFootprintTrackingUITests.swift */ = {isa = PBXFileReference; lastKnownFileType = sourcecode.swift; path = CarbonFootprintTrackingUITests.swift; sourceTree = "<group>"; };
		6A998EE626272F7900B7376C /* Info.plist */ = {isa = PBXFileReference; lastKnownFileType = text.plist.xml; path = Info.plist; sourceTree = "<group>"; };
		6ACE1261264409E200C59C66 /* Styles.swift */ = {isa = PBXFileReference; lastKnownFileType = sourcecode.swift; path = Styles.swift; sourceTree = "<group>"; };
		6AD6703A264150C1003ADA89 /* VehicleViewController.swift */ = {isa = PBXFileReference; lastKnownFileType = sourcecode.swift; path = VehicleViewController.swift; sourceTree = "<group>"; };
		6AD670442642FAC0003ADA89 /* VehicleTableViewCell.swift */ = {isa = PBXFileReference; lastKnownFileType = sourcecode.swift; path = VehicleTableViewCell.swift; sourceTree = "<group>"; };
		9029295862FE40123C200B6B /* Pods_CarbonFootprintTracking_CarbonFootprintTrackingUITests.framework */ = {isa = PBXFileReference; explicitFileType = wrapper.framework; includeInIndex = 0; path = Pods_CarbonFootprintTracking_CarbonFootprintTrackingUITests.framework; sourceTree = BUILT_PRODUCTS_DIR; };
		B32902ACDCF550E1C21A64C7 /* Pods_CarbonFootprintTrackingTests.framework */ = {isa = PBXFileReference; explicitFileType = wrapper.framework; includeInIndex = 0; path = Pods_CarbonFootprintTrackingTests.framework; sourceTree = BUILT_PRODUCTS_DIR; };
		D05C4DE7A81EBAA1B56D20A6 /* Pods-CarbonFootprintTracking-CarbonFootprintTrackingUITests.release.xcconfig */ = {isa = PBXFileReference; includeInIndex = 1; lastKnownFileType = text.xcconfig; name = "Pods-CarbonFootprintTracking-CarbonFootprintTrackingUITests.release.xcconfig"; path = "Target Support Files/Pods-CarbonFootprintTracking-CarbonFootprintTrackingUITests/Pods-CarbonFootprintTracking-CarbonFootprintTrackingUITests.release.xcconfig"; sourceTree = "<group>"; };
		D2007FA441CC2BB5BF794762 /* Pods-CarbonFootprintTrackingTests.release.xcconfig */ = {isa = PBXFileReference; includeInIndex = 1; lastKnownFileType = text.xcconfig; name = "Pods-CarbonFootprintTrackingTests.release.xcconfig"; path = "Target Support Files/Pods-CarbonFootprintTrackingTests/Pods-CarbonFootprintTrackingTests.release.xcconfig"; sourceTree = "<group>"; };
		D6323B9BA73C2BC7E83E9364 /* Pods-CarbonFootprintTracking.debug.xcconfig */ = {isa = PBXFileReference; includeInIndex = 1; lastKnownFileType = text.xcconfig; name = "Pods-CarbonFootprintTracking.debug.xcconfig"; path = "Target Support Files/Pods-CarbonFootprintTracking/Pods-CarbonFootprintTracking.debug.xcconfig"; sourceTree = "<group>"; };
		FC1A94865AC959D42A58779F /* Pods-CarbonFootprintTracking.release.xcconfig */ = {isa = PBXFileReference; includeInIndex = 1; lastKnownFileType = text.xcconfig; name = "Pods-CarbonFootprintTracking.release.xcconfig"; path = "Target Support Files/Pods-CarbonFootprintTracking/Pods-CarbonFootprintTracking.release.xcconfig"; sourceTree = "<group>"; };
/* End PBXFileReference section */

/* Begin PBXFrameworksBuildPhase section */
		6A998EB926272F7700B7376C /* Frameworks */ = {
			isa = PBXFrameworksBuildPhase;
			buildActionMask = 2147483647;
			files = (
				56709F93262F0B2500B08AB7 /* AWSMobileClientXCF.xcframework in Frameworks */,
				56709F96262F0B4100B08AB7 /* AWSS3.xcframework in Frameworks */,
				56709F8D262F0AF600B08AB7 /* AWSCognitoIdentityProviderASF.xcframework in Frameworks */,
				56709F8B262F0AF600B08AB7 /* AWSCognitoIdentityProvider.xcframework in Frameworks */,
				56709F90262F0B1000B08AB7 /* AWSCore.xcframework in Frameworks */,
				56709F81262F0A8000B08AB7 /* MOPRIMTmdSdk.xcframework in Frameworks */,
				56709F84262F0A8E00B08AB7 /* AWSAPIGateway.xcframework in Frameworks */,
				56709F87262F0AD000B08AB7 /* AWSAuthCore.xcframework in Frameworks */,
				53B9D00E741D9F131763CD46 /* Pods_CarbonFootprintTracking.framework in Frameworks */,
			);
			runOnlyForDeploymentPostprocessing = 0;
		};
		6A998ED226272F7900B7376C /* Frameworks */ = {
			isa = PBXFrameworksBuildPhase;
			buildActionMask = 2147483647;
			files = (
				15663294A359AFDA24A7ADD8 /* Pods_CarbonFootprintTrackingTests.framework in Frameworks */,
			);
			runOnlyForDeploymentPostprocessing = 0;
		};
		6A998EDD26272F7900B7376C /* Frameworks */ = {
			isa = PBXFrameworksBuildPhase;
			buildActionMask = 2147483647;
			files = (
				950F104DC3911F2DFA30C341 /* Pods_CarbonFootprintTracking_CarbonFootprintTrackingUITests.framework in Frameworks */,
			);
			runOnlyForDeploymentPostprocessing = 0;
		};
/* End PBXFrameworksBuildPhase section */

/* Begin PBXGroup section */
		56709F61262EF4C800B08AB7 /* Frameworks */ = {
			isa = PBXGroup;
			children = (
				56709F95262F0B4100B08AB7 /* AWSS3.xcframework */,
				56709F92262F0B2500B08AB7 /* AWSMobileClientXCF.xcframework */,
				56709F8F262F0B1000B08AB7 /* AWSCore.xcframework */,
				56709F89262F0AF500B08AB7 /* AWSCognitoIdentityProvider.xcframework */,
				56709F8A262F0AF500B08AB7 /* AWSCognitoIdentityProviderASF.xcframework */,
				56709F86262F0AD000B08AB7 /* AWSAuthCore.xcframework */,
				56709F83262F0A8E00B08AB7 /* AWSAPIGateway.xcframework */,
				56709F80262F0A8000B08AB7 /* MOPRIMTmdSdk.xcframework */,
				11ED82C3C132E866AE2B742B /* Pods_CarbonFootprintTracking.framework */,
				9029295862FE40123C200B6B /* Pods_CarbonFootprintTracking_CarbonFootprintTrackingUITests.framework */,
				B32902ACDCF550E1C21A64C7 /* Pods_CarbonFootprintTrackingTests.framework */,
			);
			name = Frameworks;
			sourceTree = "<group>";
		};
		6A998EB326272F7700B7376C = {
			isa = PBXGroup;
			children = (
				6A5DF21B2643DCAD0047BA34 /* Activity+CoreDataClass.swift */,
				6A5DF21C2643DCAD0047BA34 /* Activity+CoreDataProperties.swift */,
				560A1B8F26287009001FF3F4 /* .gitignore */,
				6A998EBE26272F7700B7376C /* CarbonFootprintTracking */,
				6A998ED826272F7900B7376C /* CarbonFootprintTrackingTests */,
				6A998EE326272F7900B7376C /* CarbonFootprintTrackingUITests */,
				6A998EBD26272F7700B7376C /* Products */,
				56709F61262EF4C800B08AB7 /* Frameworks */,
				7E8ECECB6926873808EAA213 /* Pods */,
			);
			sourceTree = "<group>";
		};
		6A998EBD26272F7700B7376C /* Products */ = {
			isa = PBXGroup;
			children = (
				6A998EBC26272F7700B7376C /* CarbonFootprintTracking.app */,
				6A998ED526272F7900B7376C /* CarbonFootprintTrackingTests.xctest */,
				6A998EE026272F7900B7376C /* CarbonFootprintTrackingUITests.xctest */,
			);
			name = Products;
			sourceTree = "<group>";
		};
		6A998EBE26272F7700B7376C /* CarbonFootprintTracking */ = {
			isa = PBXGroup;
			children = (
				6ACE126E2644172C00C59C66 /* Controllers */,
				6A998EBF26272F7700B7376C /* AppDelegate.swift */,
				6A998ECB26272F7900B7376C /* Assets.xcassets */,
				6A998EC826272F7700B7376C /* CarbonFootprintTracking.xcdatamodeld */,
				6A998ED026272F7900B7376C /* Info.plist */,
				6A998ECD26272F7900B7376C /* LaunchScreen.storyboard */,
				56C1BD242640D95D006CA59E /* DummyData.swift */,
				56A11B9E26437062000DA650 /* MoprimStruct.swift */,
				6A998EC526272F7700B7376C /* Main.storyboard */,
				6A998EC126272F7700B7376C /* SceneDelegate.swift */,
				6A48045A2631614200E47A28 /* VehicleStatistics.swift */,
				6A7C3B0F26316C6E008BE399 /* DataSetStatistics.swift */,
				6A5F658D26381DD000C77294 /* MoprimAPI.swift */,
				6AD670442642FAC0003ADA89 /* VehicleTableViewCell.swift */,
				6ACE1261264409E200C59C66 /* Styles.swift */,
			);
			path = CarbonFootprintTracking;
			sourceTree = "<group>";
		};
		6A998ED826272F7900B7376C /* CarbonFootprintTrackingTests */ = {
			isa = PBXGroup;
			children = (
				6A998ED926272F7900B7376C /* CarbonFootprintTrackingTests.swift */,
				6A998EDB26272F7900B7376C /* Info.plist */,
			);
			path = CarbonFootprintTrackingTests;
			sourceTree = "<group>";
		};
		6A998EE326272F7900B7376C /* CarbonFootprintTrackingUITests */ = {
			isa = PBXGroup;
			children = (
				6A998EE426272F7900B7376C /* CarbonFootprintTrackingUITests.swift */,
				6A998EE626272F7900B7376C /* Info.plist */,
			);
			path = CarbonFootprintTrackingUITests;
			sourceTree = "<group>";
		};
		6ACE126E2644172C00C59C66 /* Controllers */ = {
			isa = PBXGroup;
			children = (
				6AD6703A264150C1003ADA89 /* VehicleViewController.swift */,
				56C1BD2E2640D9BD006CA59E /* MoprimViewController.swift */,
				6A48044B2631595E00E47A28 /* StatisticsViewController.swift */,
				6A24FD10262EB7D1006655CC /* PieViewController.swift */,
				6A24FD15262EB7F8006655CC /* MapViewController.swift */,
			);
			path = Controllers;
			sourceTree = "<group>";
		};
		7E8ECECB6926873808EAA213 /* Pods */ = {
			isa = PBXGroup;
			children = (
				D6323B9BA73C2BC7E83E9364 /* Pods-CarbonFootprintTracking.debug.xcconfig */,
				FC1A94865AC959D42A58779F /* Pods-CarbonFootprintTracking.release.xcconfig */,
				5224F2880F1B10EA6986AE8A /* Pods-CarbonFootprintTracking-CarbonFootprintTrackingUITests.debug.xcconfig */,
				D05C4DE7A81EBAA1B56D20A6 /* Pods-CarbonFootprintTracking-CarbonFootprintTrackingUITests.release.xcconfig */,
				3D8FFD03BC07E874CDFD6D5D /* Pods-CarbonFootprintTrackingTests.debug.xcconfig */,
				D2007FA441CC2BB5BF794762 /* Pods-CarbonFootprintTrackingTests.release.xcconfig */,
			);
			path = Pods;
			sourceTree = "<group>";
		};
/* End PBXGroup section */

/* Begin PBXNativeTarget section */
		6A998EBB26272F7700B7376C /* CarbonFootprintTracking */ = {
			isa = PBXNativeTarget;
			buildConfigurationList = 6A998EE926272F7900B7376C /* Build configuration list for PBXNativeTarget "CarbonFootprintTracking" */;
			buildPhases = (
				C3077BF8B2543C9599ACB494 /* [CP] Check Pods Manifest.lock */,
				6A998EB826272F7700B7376C /* Sources */,
				6A998EB926272F7700B7376C /* Frameworks */,
				6A998EBA26272F7700B7376C /* Resources */,
				56709F68262EF5A100B08AB7 /* Embed Frameworks */,
				0AFC7CA5F21E84F64FC71683 /* [CP] Embed Pods Frameworks */,
			);
			buildRules = (
			);
			dependencies = (
			);
			name = CarbonFootprintTracking;
			productName = CarbonFootprintTracking;
			productReference = 6A998EBC26272F7700B7376C /* CarbonFootprintTracking.app */;
			productType = "com.apple.product-type.application";
		};
		6A998ED426272F7900B7376C /* CarbonFootprintTrackingTests */ = {
			isa = PBXNativeTarget;
			buildConfigurationList = 6A998EEC26272F7900B7376C /* Build configuration list for PBXNativeTarget "CarbonFootprintTrackingTests" */;
			buildPhases = (
				6FC94F27F0119405D0A2358F /* [CP] Check Pods Manifest.lock */,
				6A998ED126272F7900B7376C /* Sources */,
				6A998ED226272F7900B7376C /* Frameworks */,
				6A998ED326272F7900B7376C /* Resources */,
			);
			buildRules = (
			);
			dependencies = (
				6A998ED726272F7900B7376C /* PBXTargetDependency */,
			);
			name = CarbonFootprintTrackingTests;
			productName = CarbonFootprintTrackingTests;
			productReference = 6A998ED526272F7900B7376C /* CarbonFootprintTrackingTests.xctest */;
			productType = "com.apple.product-type.bundle.unit-test";
		};
		6A998EDF26272F7900B7376C /* CarbonFootprintTrackingUITests */ = {
			isa = PBXNativeTarget;
			buildConfigurationList = 6A998EEF26272F7900B7376C /* Build configuration list for PBXNativeTarget "CarbonFootprintTrackingUITests" */;
			buildPhases = (
				032EBF15A314AD1D8669F280 /* [CP] Check Pods Manifest.lock */,
				6A998EDC26272F7900B7376C /* Sources */,
				6A998EDD26272F7900B7376C /* Frameworks */,
				6A998EDE26272F7900B7376C /* Resources */,
				EA457698D6839949185B4FF6 /* [CP] Embed Pods Frameworks */,
			);
			buildRules = (
			);
			dependencies = (
				6A998EE226272F7900B7376C /* PBXTargetDependency */,
			);
			name = CarbonFootprintTrackingUITests;
			productName = CarbonFootprintTrackingUITests;
			productReference = 6A998EE026272F7900B7376C /* CarbonFootprintTrackingUITests.xctest */;
			productType = "com.apple.product-type.bundle.ui-testing";
		};
/* End PBXNativeTarget section */

/* Begin PBXProject section */
		6A998EB426272F7700B7376C /* Project object */ = {
			isa = PBXProject;
			attributes = {
				LastSwiftUpdateCheck = 1240;
				LastUpgradeCheck = 1240;
				TargetAttributes = {
					6A998EBB26272F7700B7376C = {
						CreatedOnToolsVersion = 12.4;
					};
					6A998ED426272F7900B7376C = {
						CreatedOnToolsVersion = 12.4;
						TestTargetID = 6A998EBB26272F7700B7376C;
					};
					6A998EDF26272F7900B7376C = {
						CreatedOnToolsVersion = 12.4;
						TestTargetID = 6A998EBB26272F7700B7376C;
					};
				};
			};
			buildConfigurationList = 6A998EB726272F7700B7376C /* Build configuration list for PBXProject "CarbonFootprintTracking" */;
			compatibilityVersion = "Xcode 9.3";
			developmentRegion = en;
			hasScannedForEncodings = 0;
			knownRegions = (
				en,
				Base,
			);
			mainGroup = 6A998EB326272F7700B7376C;
			productRefGroup = 6A998EBD26272F7700B7376C /* Products */;
			projectDirPath = "";
			projectRoot = "";
			targets = (
				6A998EBB26272F7700B7376C /* CarbonFootprintTracking */,
				6A998ED426272F7900B7376C /* CarbonFootprintTrackingTests */,
				6A998EDF26272F7900B7376C /* CarbonFootprintTrackingUITests */,
			);
		};
/* End PBXProject section */

/* Begin PBXResourcesBuildPhase section */
		6A998EBA26272F7700B7376C /* Resources */ = {
			isa = PBXResourcesBuildPhase;
			buildActionMask = 2147483647;
			files = (
				560A1B9026287009001FF3F4 /* .gitignore in Resources */,
				6A998ECF26272F7900B7376C /* LaunchScreen.storyboard in Resources */,
				6A998ECC26272F7900B7376C /* Assets.xcassets in Resources */,
				6A998EC726272F7700B7376C /* Main.storyboard in Resources */,
			);
			runOnlyForDeploymentPostprocessing = 0;
		};
		6A998ED326272F7900B7376C /* Resources */ = {
			isa = PBXResourcesBuildPhase;
			buildActionMask = 2147483647;
			files = (
			);
			runOnlyForDeploymentPostprocessing = 0;
		};
		6A998EDE26272F7900B7376C /* Resources */ = {
			isa = PBXResourcesBuildPhase;
			buildActionMask = 2147483647;
			files = (
			);
			runOnlyForDeploymentPostprocessing = 0;
		};
/* End PBXResourcesBuildPhase section */

/* Begin PBXShellScriptBuildPhase section */
		032EBF15A314AD1D8669F280 /* [CP] Check Pods Manifest.lock */ = {
			isa = PBXShellScriptBuildPhase;
			buildActionMask = 2147483647;
			files = (
			);
			inputFileListPaths = (
			);
			inputPaths = (
				"${PODS_PODFILE_DIR_PATH}/Podfile.lock",
				"${PODS_ROOT}/Manifest.lock",
			);
			name = "[CP] Check Pods Manifest.lock";
			outputFileListPaths = (
			);
			outputPaths = (
				"$(DERIVED_FILE_DIR)/Pods-CarbonFootprintTracking-CarbonFootprintTrackingUITests-checkManifestLockResult.txt",
			);
			runOnlyForDeploymentPostprocessing = 0;
			shellPath = /bin/sh;
			shellScript = "diff \"${PODS_PODFILE_DIR_PATH}/Podfile.lock\" \"${PODS_ROOT}/Manifest.lock\" > /dev/null\nif [ $? != 0 ] ; then\n    # print error to STDERR\n    echo \"error: The sandbox is not in sync with the Podfile.lock. Run 'pod install' or update your CocoaPods installation.\" >&2\n    exit 1\nfi\n# This output is used by Xcode 'outputs' to avoid re-running this script phase.\necho \"SUCCESS\" > \"${SCRIPT_OUTPUT_FILE_0}\"\n";
			showEnvVarsInLog = 0;
		};
		0AFC7CA5F21E84F64FC71683 /* [CP] Embed Pods Frameworks */ = {
			isa = PBXShellScriptBuildPhase;
			buildActionMask = 2147483647;
			files = (
			);
			inputFileListPaths = (
				"${PODS_ROOT}/Target Support Files/Pods-CarbonFootprintTracking/Pods-CarbonFootprintTracking-frameworks-${CONFIGURATION}-input-files.xcfilelist",
			);
			name = "[CP] Embed Pods Frameworks";
			outputFileListPaths = (
				"${PODS_ROOT}/Target Support Files/Pods-CarbonFootprintTracking/Pods-CarbonFootprintTracking-frameworks-${CONFIGURATION}-output-files.xcfilelist",
			);
			runOnlyForDeploymentPostprocessing = 0;
			shellPath = /bin/sh;
			shellScript = "\"${PODS_ROOT}/Target Support Files/Pods-CarbonFootprintTracking/Pods-CarbonFootprintTracking-frameworks.sh\"\n";
			showEnvVarsInLog = 0;
		};
		6FC94F27F0119405D0A2358F /* [CP] Check Pods Manifest.lock */ = {
			isa = PBXShellScriptBuildPhase;
			buildActionMask = 2147483647;
			files = (
			);
			inputFileListPaths = (
			);
			inputPaths = (
				"${PODS_PODFILE_DIR_PATH}/Podfile.lock",
				"${PODS_ROOT}/Manifest.lock",
			);
			name = "[CP] Check Pods Manifest.lock";
			outputFileListPaths = (
			);
			outputPaths = (
				"$(DERIVED_FILE_DIR)/Pods-CarbonFootprintTrackingTests-checkManifestLockResult.txt",
			);
			runOnlyForDeploymentPostprocessing = 0;
			shellPath = /bin/sh;
			shellScript = "diff \"${PODS_PODFILE_DIR_PATH}/Podfile.lock\" \"${PODS_ROOT}/Manifest.lock\" > /dev/null\nif [ $? != 0 ] ; then\n    # print error to STDERR\n    echo \"error: The sandbox is not in sync with the Podfile.lock. Run 'pod install' or update your CocoaPods installation.\" >&2\n    exit 1\nfi\n# This output is used by Xcode 'outputs' to avoid re-running this script phase.\necho \"SUCCESS\" > \"${SCRIPT_OUTPUT_FILE_0}\"\n";
			showEnvVarsInLog = 0;
		};
		C3077BF8B2543C9599ACB494 /* [CP] Check Pods Manifest.lock */ = {
			isa = PBXShellScriptBuildPhase;
			buildActionMask = 2147483647;
			files = (
			);
			inputFileListPaths = (
			);
			inputPaths = (
				"${PODS_PODFILE_DIR_PATH}/Podfile.lock",
				"${PODS_ROOT}/Manifest.lock",
			);
			name = "[CP] Check Pods Manifest.lock";
			outputFileListPaths = (
			);
			outputPaths = (
				"$(DERIVED_FILE_DIR)/Pods-CarbonFootprintTracking-checkManifestLockResult.txt",
			);
			runOnlyForDeploymentPostprocessing = 0;
			shellPath = /bin/sh;
			shellScript = "diff \"${PODS_PODFILE_DIR_PATH}/Podfile.lock\" \"${PODS_ROOT}/Manifest.lock\" > /dev/null\nif [ $? != 0 ] ; then\n    # print error to STDERR\n    echo \"error: The sandbox is not in sync with the Podfile.lock. Run 'pod install' or update your CocoaPods installation.\" >&2\n    exit 1\nfi\n# This output is used by Xcode 'outputs' to avoid re-running this script phase.\necho \"SUCCESS\" > \"${SCRIPT_OUTPUT_FILE_0}\"\n";
			showEnvVarsInLog = 0;
		};
		EA457698D6839949185B4FF6 /* [CP] Embed Pods Frameworks */ = {
			isa = PBXShellScriptBuildPhase;
			buildActionMask = 2147483647;
			files = (
			);
			inputFileListPaths = (
				"${PODS_ROOT}/Target Support Files/Pods-CarbonFootprintTracking-CarbonFootprintTrackingUITests/Pods-CarbonFootprintTracking-CarbonFootprintTrackingUITests-frameworks-${CONFIGURATION}-input-files.xcfilelist",
			);
			name = "[CP] Embed Pods Frameworks";
			outputFileListPaths = (
				"${PODS_ROOT}/Target Support Files/Pods-CarbonFootprintTracking-CarbonFootprintTrackingUITests/Pods-CarbonFootprintTracking-CarbonFootprintTrackingUITests-frameworks-${CONFIGURATION}-output-files.xcfilelist",
			);
			runOnlyForDeploymentPostprocessing = 0;
			shellPath = /bin/sh;
			shellScript = "\"${PODS_ROOT}/Target Support Files/Pods-CarbonFootprintTracking-CarbonFootprintTrackingUITests/Pods-CarbonFootprintTracking-CarbonFootprintTrackingUITests-frameworks.sh\"\n";
			showEnvVarsInLog = 0;
		};
/* End PBXShellScriptBuildPhase section */

/* Begin PBXSourcesBuildPhase section */
		6A998EB826272F7700B7376C /* Sources */ = {
			isa = PBXSourcesBuildPhase;
			buildActionMask = 2147483647;
			files = (
				6A5DF21E2643DCAD0047BA34 /* Activity+CoreDataProperties.swift in Sources */,
				6A24FD16262EB7F8006655CC /* MapViewController.swift in Sources */,
				6AD6703B264150C1003ADA89 /* VehicleViewController.swift in Sources */,
				6A5DF21D2643DCAD0047BA34 /* Activity+CoreDataClass.swift in Sources */,
				6A998ECA26272F7700B7376C /* CarbonFootprintTracking.xcdatamodeld in Sources */,
				6A48044C2631595E00E47A28 /* StatisticsViewController.swift in Sources */,
				6A998EC026272F7700B7376C /* AppDelegate.swift in Sources */,
				6A7C3B1026316C6E008BE399 /* DataSetStatistics.swift in Sources */,
				6A24FD11262EB7D1006655CC /* PieViewController.swift in Sources */,
				6AD670452642FAC0003ADA89 /* VehicleTableViewCell.swift in Sources */,
				6A48045B2631614200E47A28 /* VehicleStatistics.swift in Sources */,
				6A5F658E26381DD000C77294 /* MoprimAPI.swift in Sources */,
				6ACE1262264409E200C59C66 /* Styles.swift in Sources */,
				56C1BD252640D95D006CA59E /* DummyData.swift in Sources */,
				56C1BD2F2640D9BD006CA59E /* MoprimViewController.swift in Sources */,
				56A11B9F26437063000DA650 /* MoprimStruct.swift in Sources */,
				6A998EC226272F7700B7376C /* SceneDelegate.swift in Sources */,
			);
			runOnlyForDeploymentPostprocessing = 0;
		};
		6A998ED126272F7900B7376C /* Sources */ = {
			isa = PBXSourcesBuildPhase;
			buildActionMask = 2147483647;
			files = (
				6A998EDA26272F7900B7376C /* CarbonFootprintTrackingTests.swift in Sources */,
			);
			runOnlyForDeploymentPostprocessing = 0;
		};
		6A998EDC26272F7900B7376C /* Sources */ = {
			isa = PBXSourcesBuildPhase;
			buildActionMask = 2147483647;
			files = (
				6A998EE526272F7900B7376C /* CarbonFootprintTrackingUITests.swift in Sources */,
			);
			runOnlyForDeploymentPostprocessing = 0;
		};
/* End PBXSourcesBuildPhase section */

/* Begin PBXTargetDependency section */
		6A998ED726272F7900B7376C /* PBXTargetDependency */ = {
			isa = PBXTargetDependency;
			target = 6A998EBB26272F7700B7376C /* CarbonFootprintTracking */;
			targetProxy = 6A998ED626272F7900B7376C /* PBXContainerItemProxy */;
		};
		6A998EE226272F7900B7376C /* PBXTargetDependency */ = {
			isa = PBXTargetDependency;
			target = 6A998EBB26272F7700B7376C /* CarbonFootprintTracking */;
			targetProxy = 6A998EE126272F7900B7376C /* PBXContainerItemProxy */;
		};
/* End PBXTargetDependency section */

/* Begin PBXVariantGroup section */
		6A998EC526272F7700B7376C /* Main.storyboard */ = {
			isa = PBXVariantGroup;
			children = (
				6A998EC626272F7700B7376C /* Base */,
			);
			name = Main.storyboard;
			sourceTree = "<group>";
		};
		6A998ECD26272F7900B7376C /* LaunchScreen.storyboard */ = {
			isa = PBXVariantGroup;
			children = (
				6A998ECE26272F7900B7376C /* Base */,
			);
			name = LaunchScreen.storyboard;
			sourceTree = "<group>";
		};
/* End PBXVariantGroup section */

/* Begin XCBuildConfiguration section */
		6A998EE726272F7900B7376C /* Debug */ = {
			isa = XCBuildConfiguration;
			buildSettings = {
				ALWAYS_SEARCH_USER_PATHS = NO;
				CLANG_ANALYZER_NONNULL = YES;
				CLANG_ANALYZER_NUMBER_OBJECT_CONVERSION = YES_AGGRESSIVE;
				CLANG_CXX_LANGUAGE_STANDARD = "gnu++14";
				CLANG_CXX_LIBRARY = "libc++";
				CLANG_ENABLE_MODULES = YES;
				CLANG_ENABLE_OBJC_ARC = YES;
				CLANG_ENABLE_OBJC_WEAK = YES;
				CLANG_WARN_BLOCK_CAPTURE_AUTORELEASING = YES;
				CLANG_WARN_BOOL_CONVERSION = YES;
				CLANG_WARN_COMMA = YES;
				CLANG_WARN_CONSTANT_CONVERSION = YES;
				CLANG_WARN_DEPRECATED_OBJC_IMPLEMENTATIONS = YES;
				CLANG_WARN_DIRECT_OBJC_ISA_USAGE = YES_ERROR;
				CLANG_WARN_DOCUMENTATION_COMMENTS = YES;
				CLANG_WARN_EMPTY_BODY = YES;
				CLANG_WARN_ENUM_CONVERSION = YES;
				CLANG_WARN_INFINITE_RECURSION = YES;
				CLANG_WARN_INT_CONVERSION = YES;
				CLANG_WARN_NON_LITERAL_NULL_CONVERSION = YES;
				CLANG_WARN_OBJC_IMPLICIT_RETAIN_SELF = YES;
				CLANG_WARN_OBJC_LITERAL_CONVERSION = YES;
				CLANG_WARN_OBJC_ROOT_CLASS = YES_ERROR;
				CLANG_WARN_QUOTED_INCLUDE_IN_FRAMEWORK_HEADER = YES;
				CLANG_WARN_RANGE_LOOP_ANALYSIS = YES;
				CLANG_WARN_STRICT_PROTOTYPES = YES;
				CLANG_WARN_SUSPICIOUS_MOVE = YES;
				CLANG_WARN_UNGUARDED_AVAILABILITY = YES_AGGRESSIVE;
				CLANG_WARN_UNREACHABLE_CODE = YES;
				CLANG_WARN__DUPLICATE_METHOD_MATCH = YES;
				COPY_PHASE_STRIP = NO;
				DEBUG_INFORMATION_FORMAT = dwarf;
				ENABLE_STRICT_OBJC_MSGSEND = YES;
				ENABLE_TESTABILITY = YES;
				GCC_C_LANGUAGE_STANDARD = gnu11;
				GCC_DYNAMIC_NO_PIC = NO;
				GCC_NO_COMMON_BLOCKS = YES;
				GCC_OPTIMIZATION_LEVEL = 0;
				GCC_PREPROCESSOR_DEFINITIONS = (
					"DEBUG=1",
					"$(inherited)",
				);
				GCC_WARN_64_TO_32_BIT_CONVERSION = YES;
				GCC_WARN_ABOUT_RETURN_TYPE = YES_ERROR;
				GCC_WARN_UNDECLARED_SELECTOR = YES;
				GCC_WARN_UNINITIALIZED_AUTOS = YES_AGGRESSIVE;
				GCC_WARN_UNUSED_FUNCTION = YES;
				GCC_WARN_UNUSED_VARIABLE = YES;
				IPHONEOS_DEPLOYMENT_TARGET = 14.4;
				MTL_ENABLE_DEBUG_INFO = INCLUDE_SOURCE;
				MTL_FAST_MATH = YES;
				ONLY_ACTIVE_ARCH = YES;
				SDKROOT = iphoneos;
				SWIFT_ACTIVE_COMPILATION_CONDITIONS = DEBUG;
				SWIFT_OPTIMIZATION_LEVEL = "-Onone";
			};
			name = Debug;
		};
		6A998EE826272F7900B7376C /* Release */ = {
			isa = XCBuildConfiguration;
			buildSettings = {
				ALWAYS_SEARCH_USER_PATHS = NO;
				CLANG_ANALYZER_NONNULL = YES;
				CLANG_ANALYZER_NUMBER_OBJECT_CONVERSION = YES_AGGRESSIVE;
				CLANG_CXX_LANGUAGE_STANDARD = "gnu++14";
				CLANG_CXX_LIBRARY = "libc++";
				CLANG_ENABLE_MODULES = YES;
				CLANG_ENABLE_OBJC_ARC = YES;
				CLANG_ENABLE_OBJC_WEAK = YES;
				CLANG_WARN_BLOCK_CAPTURE_AUTORELEASING = YES;
				CLANG_WARN_BOOL_CONVERSION = YES;
				CLANG_WARN_COMMA = YES;
				CLANG_WARN_CONSTANT_CONVERSION = YES;
				CLANG_WARN_DEPRECATED_OBJC_IMPLEMENTATIONS = YES;
				CLANG_WARN_DIRECT_OBJC_ISA_USAGE = YES_ERROR;
				CLANG_WARN_DOCUMENTATION_COMMENTS = YES;
				CLANG_WARN_EMPTY_BODY = YES;
				CLANG_WARN_ENUM_CONVERSION = YES;
				CLANG_WARN_INFINITE_RECURSION = YES;
				CLANG_WARN_INT_CONVERSION = YES;
				CLANG_WARN_NON_LITERAL_NULL_CONVERSION = YES;
				CLANG_WARN_OBJC_IMPLICIT_RETAIN_SELF = YES;
				CLANG_WARN_OBJC_LITERAL_CONVERSION = YES;
				CLANG_WARN_OBJC_ROOT_CLASS = YES_ERROR;
				CLANG_WARN_QUOTED_INCLUDE_IN_FRAMEWORK_HEADER = YES;
				CLANG_WARN_RANGE_LOOP_ANALYSIS = YES;
				CLANG_WARN_STRICT_PROTOTYPES = YES;
				CLANG_WARN_SUSPICIOUS_MOVE = YES;
				CLANG_WARN_UNGUARDED_AVAILABILITY = YES_AGGRESSIVE;
				CLANG_WARN_UNREACHABLE_CODE = YES;
				CLANG_WARN__DUPLICATE_METHOD_MATCH = YES;
				COPY_PHASE_STRIP = NO;
				DEBUG_INFORMATION_FORMAT = "dwarf-with-dsym";
				ENABLE_NS_ASSERTIONS = NO;
				ENABLE_STRICT_OBJC_MSGSEND = YES;
				GCC_C_LANGUAGE_STANDARD = gnu11;
				GCC_NO_COMMON_BLOCKS = YES;
				GCC_WARN_64_TO_32_BIT_CONVERSION = YES;
				GCC_WARN_ABOUT_RETURN_TYPE = YES_ERROR;
				GCC_WARN_UNDECLARED_SELECTOR = YES;
				GCC_WARN_UNINITIALIZED_AUTOS = YES_AGGRESSIVE;
				GCC_WARN_UNUSED_FUNCTION = YES;
				GCC_WARN_UNUSED_VARIABLE = YES;
				IPHONEOS_DEPLOYMENT_TARGET = 14.4;
				MTL_ENABLE_DEBUG_INFO = NO;
				MTL_FAST_MATH = YES;
				SDKROOT = iphoneos;
				SWIFT_COMPILATION_MODE = wholemodule;
				SWIFT_OPTIMIZATION_LEVEL = "-O";
				VALIDATE_PRODUCT = YES;
			};
			name = Release;
		};
		6A998EEA26272F7900B7376C /* Debug */ = {
			isa = XCBuildConfiguration;
			baseConfigurationReference = D6323B9BA73C2BC7E83E9364 /* Pods-CarbonFootprintTracking.debug.xcconfig */;
			buildSettings = {
				ALWAYS_EMBED_SWIFT_STANDARD_LIBRARIES = YES;
				ASSETCATALOG_COMPILER_APPICON_NAME = AppIcon;
				ASSETCATALOG_COMPILER_GLOBAL_ACCENT_COLOR_NAME = AccentColor;
				CODE_SIGN_STYLE = Automatic;
				DEVELOPMENT_TEAM = Y92RM2U2DH;
				INFOPLIST_FILE = CarbonFootprintTracking/Info.plist;
				LD_RUNPATH_SEARCH_PATHS = (
					"$(inherited)",
					"@executable_path/Frameworks",
				);
				PRODUCT_BUNDLE_IDENTIFIER = fi.metropolia.patrikpo.CarbonFootprintTracking;
				PRODUCT_NAME = "$(TARGET_NAME)";
				SWIFT_VERSION = 5.0;
				TARGETED_DEVICE_FAMILY = "1,2";
			};
			name = Debug;
		};
		6A998EEB26272F7900B7376C /* Release */ = {
			isa = XCBuildConfiguration;
			baseConfigurationReference = FC1A94865AC959D42A58779F /* Pods-CarbonFootprintTracking.release.xcconfig */;
			buildSettings = {
				ALWAYS_EMBED_SWIFT_STANDARD_LIBRARIES = YES;
				ASSETCATALOG_COMPILER_APPICON_NAME = AppIcon;
				ASSETCATALOG_COMPILER_GLOBAL_ACCENT_COLOR_NAME = AccentColor;
				CODE_SIGN_STYLE = Automatic;
				DEVELOPMENT_TEAM = Y92RM2U2DH;
				INFOPLIST_FILE = CarbonFootprintTracking/Info.plist;
				LD_RUNPATH_SEARCH_PATHS = (
					"$(inherited)",
					"@executable_path/Frameworks",
				);
				PRODUCT_BUNDLE_IDENTIFIER = fi.metropolia.patrikpo.CarbonFootprintTracking;
				PRODUCT_NAME = "$(TARGET_NAME)";
				SWIFT_VERSION = 5.0;
				TARGETED_DEVICE_FAMILY = "1,2";
			};
			name = Release;
		};
		6A998EED26272F7900B7376C /* Debug */ = {
			isa = XCBuildConfiguration;
			baseConfigurationReference = 3D8FFD03BC07E874CDFD6D5D /* Pods-CarbonFootprintTrackingTests.debug.xcconfig */;
			buildSettings = {
				ALWAYS_EMBED_SWIFT_STANDARD_LIBRARIES = YES;
				BUNDLE_LOADER = "$(TEST_HOST)";
				CODE_SIGN_STYLE = Automatic;
				INFOPLIST_FILE = CarbonFootprintTrackingTests/Info.plist;
				IPHONEOS_DEPLOYMENT_TARGET = 14.4;
				LD_RUNPATH_SEARCH_PATHS = (
					"$(inherited)",
					"@executable_path/Frameworks",
					"@loader_path/Frameworks",
				);
				PRODUCT_BUNDLE_IDENTIFIER = fi.metropolia.patrikpo.CarbonFootprintTrackingTests;
				PRODUCT_NAME = "$(TARGET_NAME)";
				SWIFT_VERSION = 5.0;
				TARGETED_DEVICE_FAMILY = "1,2";
				TEST_HOST = "$(BUILT_PRODUCTS_DIR)/CarbonFootprintTracking.app/CarbonFootprintTracking";
			};
			name = Debug;
		};
		6A998EEE26272F7900B7376C /* Release */ = {
			isa = XCBuildConfiguration;
			baseConfigurationReference = D2007FA441CC2BB5BF794762 /* Pods-CarbonFootprintTrackingTests.release.xcconfig */;
			buildSettings = {
				ALWAYS_EMBED_SWIFT_STANDARD_LIBRARIES = YES;
				BUNDLE_LOADER = "$(TEST_HOST)";
				CODE_SIGN_STYLE = Automatic;
				INFOPLIST_FILE = CarbonFootprintTrackingTests/Info.plist;
				IPHONEOS_DEPLOYMENT_TARGET = 14.4;
				LD_RUNPATH_SEARCH_PATHS = (
					"$(inherited)",
					"@executable_path/Frameworks",
					"@loader_path/Frameworks",
				);
				PRODUCT_BUNDLE_IDENTIFIER = fi.metropolia.patrikpo.CarbonFootprintTrackingTests;
				PRODUCT_NAME = "$(TARGET_NAME)";
				SWIFT_VERSION = 5.0;
				TARGETED_DEVICE_FAMILY = "1,2";
				TEST_HOST = "$(BUILT_PRODUCTS_DIR)/CarbonFootprintTracking.app/CarbonFootprintTracking";
			};
			name = Release;
		};
		6A998EF026272F7900B7376C /* Debug */ = {
			isa = XCBuildConfiguration;
			baseConfigurationReference = 5224F2880F1B10EA6986AE8A /* Pods-CarbonFootprintTracking-CarbonFootprintTrackingUITests.debug.xcconfig */;
			buildSettings = {
				ALWAYS_EMBED_SWIFT_STANDARD_LIBRARIES = YES;
				CODE_SIGN_STYLE = Automatic;
				INFOPLIST_FILE = CarbonFootprintTrackingUITests/Info.plist;
				LD_RUNPATH_SEARCH_PATHS = (
					"$(inherited)",
					"@executable_path/Frameworks",
					"@loader_path/Frameworks",
				);
				PRODUCT_BUNDLE_IDENTIFIER = fi.metropolia.patrikpo.CarbonFootprintTrackingUITests;
				PRODUCT_NAME = "$(TARGET_NAME)";
				SWIFT_VERSION = 5.0;
				TARGETED_DEVICE_FAMILY = "1,2";
				TEST_TARGET_NAME = CarbonFootprintTracking;
			};
			name = Debug;
		};
		6A998EF126272F7900B7376C /* Release */ = {
			isa = XCBuildConfiguration;
			baseConfigurationReference = D05C4DE7A81EBAA1B56D20A6 /* Pods-CarbonFootprintTracking-CarbonFootprintTrackingUITests.release.xcconfig */;
			buildSettings = {
				ALWAYS_EMBED_SWIFT_STANDARD_LIBRARIES = YES;
				CODE_SIGN_STYLE = Automatic;
				INFOPLIST_FILE = CarbonFootprintTrackingUITests/Info.plist;
				LD_RUNPATH_SEARCH_PATHS = (
					"$(inherited)",
					"@executable_path/Frameworks",
					"@loader_path/Frameworks",
				);
				PRODUCT_BUNDLE_IDENTIFIER = fi.metropolia.patrikpo.CarbonFootprintTrackingUITests;
				PRODUCT_NAME = "$(TARGET_NAME)";
				SWIFT_VERSION = 5.0;
				TARGETED_DEVICE_FAMILY = "1,2";
				TEST_TARGET_NAME = CarbonFootprintTracking;
			};
			name = Release;
		};
/* End XCBuildConfiguration section */

/* Begin XCConfigurationList section */
		6A998EB726272F7700B7376C /* Build configuration list for PBXProject "CarbonFootprintTracking" */ = {
			isa = XCConfigurationList;
			buildConfigurations = (
				6A998EE726272F7900B7376C /* Debug */,
				6A998EE826272F7900B7376C /* Release */,
			);
			defaultConfigurationIsVisible = 0;
			defaultConfigurationName = Release;
		};
		6A998EE926272F7900B7376C /* Build configuration list for PBXNativeTarget "CarbonFootprintTracking" */ = {
			isa = XCConfigurationList;
			buildConfigurations = (
				6A998EEA26272F7900B7376C /* Debug */,
				6A998EEB26272F7900B7376C /* Release */,
			);
			defaultConfigurationIsVisible = 0;
			defaultConfigurationName = Release;
		};
		6A998EEC26272F7900B7376C /* Build configuration list for PBXNativeTarget "CarbonFootprintTrackingTests" */ = {
			isa = XCConfigurationList;
			buildConfigurations = (
				6A998EED26272F7900B7376C /* Debug */,
				6A998EEE26272F7900B7376C /* Release */,
			);
			defaultConfigurationIsVisible = 0;
			defaultConfigurationName = Release;
		};
		6A998EEF26272F7900B7376C /* Build configuration list for PBXNativeTarget "CarbonFootprintTrackingUITests" */ = {
			isa = XCConfigurationList;
			buildConfigurations = (
				6A998EF026272F7900B7376C /* Debug */,
				6A998EF126272F7900B7376C /* Release */,
			);
			defaultConfigurationIsVisible = 0;
			defaultConfigurationName = Release;
		};
/* End XCConfigurationList section */

/* Begin XCVersionGroup section */
		6A998EC826272F7700B7376C /* CarbonFootprintTracking.xcdatamodeld */ = {
			isa = XCVersionGroup;
			children = (
				6A998EC926272F7700B7376C /* CarbonFootprintTracking.xcdatamodel */,
			);
			currentVersion = 6A998EC926272F7700B7376C /* CarbonFootprintTracking.xcdatamodel */;
			path = CarbonFootprintTracking.xcdatamodeld;
			sourceTree = "<group>";
			versionGroupType = wrapper.xcdatamodel;
		};
/* End XCVersionGroup section */
	};
	rootObject = 6A998EB426272F7700B7376C /* Project object */;
}
